PATH
  remote: .
  specs:
    cookie_extractor (0.2.0)
      extlz4 (~> 0.3)
      sqlite3 (~> 2.9)

GEM
  remote: http://rubygems.org/
  specs:
    diff-lcs (1.6.2)
    extlz4 (0.3.5)
    mini_portile2 (2.8.9)
    rspec (3.13.2)
      rspec-core (~> 3.13.0)
      rspec-expectations (~> 3.13.0)
      rspec-mocks (~> 3.13.0)
    rspec-core (3.13.6)
      rspec-support (~> 3.13.0)
    rspec-expectations (3.13.5)
      diff-lcs (>= 1.2.0, < 2.0)
      rspec-support (~> 3.13.0)
    rspec-mocks (3.13.8)
      diff-lcs (>= 1.2.0, < 2.0)
      rspec-support (~> 3.13.0)
    rspec-support (3.13.7)
    sqlite3 (2.9.6)
      mini_portile2 (~> 2.8.0)

PLATFORMS
  ruby

DEPENDENCIES
  cookie_extractor!
  rspec (~> 3.13)

BUNDLED WITH
  4.0.15
